
Microsoft Visual Studio Solution File, Format Version 12.00
# Visual Studio Version 16
VisualStudioVersion = 16.0.29609.76
MinimumVisualStudioVersion = 10.0.40219.1
Project("{9A19103F-16F7-4668-BE54-9A1E7A4F7556}") = "Logger.Core", "Logger\Logger.Core.csproj", "{AD8FB2C9-8B20-4491-B4A1-1D372E8D4069}"
EndProject
Project("{FAE04EC0-301F-11D3-BF4B-00C04F79EFBC}") = "Logger.Test", "Logger.Test\Logger.Test.csproj", "{6938E261-A2D9-4B53-B550-107470D8E536}"
EndProject
Global
	GlobalSection(SolutionConfigurationPlatforms) = preSolution
		Debug|Any CPU = Debug|Any CPU
		Release|Any CPU = Release|Any CPU
	EndGlobalSection
	GlobalSection(ProjectConfigurationPlatforms) = postSolution
		{AD8FB2C9-8B20-4491-B4A1-1D372E8D4069}.Debug|Any CPU.ActiveCfg = Debug|Any CPU
		{AD8FB2C9-8B20-4491-B4A1-1D372E8D4069}.Debug|Any CPU.Build.0 = Debug|Any CPU
		{AD8FB2C9-8B20-4491-B4A1-1D372E8D4069}.Release|Any CPU.ActiveCfg = Release|Any CPU
		{AD8FB2C9-8B20-4491-B4A1-1D372E8D4069}.Release|Any CPU.Build.0 = Release|Any CPU
		{6938E261-A2D9-4B53-B550-107470D8E536}.Debug|Any CPU.ActiveCfg = Debug|Any CPU
		{6938E261-A2D9-4B53-B550-107470D8E536}.Debug|Any CPU.Build.0 = Debug|Any CPU
		{6938E261-A2D9-4B53-B550-107470D8E536}.Release|Any CPU.ActiveCfg = Release|Any CPU
		{6938E261-A2D9-4B53-B550-107470D8E536}.Release|Any CPU.Build.0 = Release|Any CPU
	EndGlobalSection
	GlobalSection(SolutionProperties) = preSolution
		HideSolutionNode = FALSE
	EndGlobalSection
	GlobalSection(ExtensibilityGlobals) = postSolution
		SolutionGuid = {D243B5E3-CE93-45A9-9D25-D8AD26D5838F}
	EndGlobalSection
EndGlobal
